
Microsoft Visual Studio Solution File, Format Version 12.00
# Visual Studio Version 17
VisualStudioVersion = 17.2.32630.192
MinimumVisualStudioVersion = 10.0.40219.1
Project("{9A19103F-16F7-4668-BE54-9A1E7A4F7556}") = "SendGridAPI", "SendGridAPI.csproj", "{799369B7-2BEA-4DD9-8447-F397A4AF203B}"
EndProject
Global
	GlobalSection(SolutionConfigurationPlatforms) = preSolution
		Debug|Any CPU = Debug|Any CPU
		Release|Any CPU = Release|Any CPU
	EndGlobalSection
	GlobalSection(ProjectConfigurationPlatforms) = postSolution
		{799369B7-2BEA-4DD9-8447-F397A4AF203B}.Debug|Any CPU.ActiveCfg = Debug|Any CPU
		{799369B7-2BEA-4DD9-8447-F397A4AF203B}.Debug|Any CPU.Build.0 = Debug|Any CPU
		{799369B7-2BEA-4DD9-8447-F397A4AF203B}.Release|Any CPU.ActiveCfg = Release|Any CPU
		{799369B7-2BEA-4DD9-8447-F397A4AF203B}.Release|Any CPU.Build.0 = Release|Any CPU
	EndGlobalSection
	GlobalSection(SolutionProperties) = preSolution
		HideSolutionNode = FALSE
	EndGlobalSection
	GlobalSection(ExtensibilityGlobals) = postSolution
		SolutionGuid = {E0CB8262-0F4D-402A-AE52-3A860BAEE9EB}
	EndGlobalSection
EndGlobal
